// !$*UTF8*$!
{
	archiveVersion = 1;
	classes = {
	};
	objectVersion = 46;
	objects = {

/* Begin PBXBuildFile section */
		391022A615800E4A0033341D /* MNURLRequest.m in Sources */ = {isa = PBXBuildFile; fileRef = 3910229E15800E4A0033341D /* MNURLRequest.m */; };
		391022A815800E4A0033341D /* MNURLRequestLoader.m in Sources */ = {isa = PBXBuildFile; fileRef = 391022A015800E4A0033341D /* MNURLRequestLoader.m */; };
		391022AA15800E4A0033341D /* MNURLRequestQueue.m in Sources */ = {isa = PBXBuildFile; fileRef = 391022A215800E4A0033341D /* MNURLRequestQueue.m */; };
		3996B58115706543008F3935 /* Foundation.framework in Frameworks */ = {isa = PBXBuildFile; fileRef = 3996B58015706543008F3935 /* Foundation.framework */; };
		3996B58F15706543008F3935 /* SenTestingKit.framework in Frameworks */ = {isa = PBXBuildFile; fileRef = 3996B58E15706543008F3935 /* SenTestingKit.framework */; };
		3996B59115706543008F3935 /* UIKit.framework in Frameworks */ = {isa = PBXBuildFile; fileRef = 3996B59015706543008F3935 /* UIKit.framework */; };
		3996B59215706543008F3935 /* Foundation.framework in Frameworks */ = {isa = PBXBuildFile; fileRef = 3996B58015706543008F3935 /* Foundation.framework */; };
		3996B59515706543008F3935 /* libMinimalNetwork.a in Frameworks */ = {isa = PBXBuildFile; fileRef = 3996B57D15706543008F3935 /* libMinimalNetwork.a */; };
		3996B5B4157128C8008F3935 /* CFNetwork.framework in Frameworks */ = {isa = PBXBuildFile; fileRef = 3996B5B3157128C8008F3935 /* CFNetwork.framework */; };
		3996B5B6157128D1008F3935 /* SystemConfiguration.framework in Frameworks */ = {isa = PBXBuildFile; fileRef = 3996B5B5157128D1008F3935 /* SystemConfiguration.framework */; };
		39A207EB15C7934C001D4358 /* MNURLResponseParser.m in Sources */ = {isa = PBXBuildFile; fileRef = 39A207E915C7934C001D4358 /* MNURLResponseParser.m */; };
		39A207EE15C84D9A001D4358 /* MinimalNetwork.h in CopyFiles */ = {isa = PBXBuildFile; fileRef = 3910229C15800E4A0033341D /* MinimalNetwork.h */; };
		39A207EF15C84D9A001D4358 /* MNURLRequest.h in CopyFiles */ = {isa = PBXBuildFile; fileRef = 3910229D15800E4A0033341D /* MNURLRequest.h */; };
		39A207F015C84D9A001D4358 /* MNURLRequestLoader.h in CopyFiles */ = {isa = PBXBuildFile; fileRef = 3910229F15800E4A0033341D /* MNURLRequestLoader.h */; };
		39A207F115C84D9A001D4358 /* MNURLRequestQueue.h in CopyFiles */ = {isa = PBXBuildFile; fileRef = 391022A115800E4A0033341D /* MNURLRequestQueue.h */; };
		39A207F215C84D9A001D4358 /* UIImageView+MinimalNetwork.h in CopyFiles */ = {isa = PBXBuildFile; fileRef = 39B8441B15804FC800390ABE /* UIImageView+MinimalNetwork.h */; };
		39A207F315C84D9A001D4358 /* MNURLResponseParser.h in CopyFiles */ = {isa = PBXBuildFile; fileRef = 39A207E815C7934C001D4358 /* MNURLResponseParser.h */; };
		39B8441E15804FC800390ABE /* UIImageView+MinimalNetwork.m in Sources */ = {isa = PBXBuildFile; fileRef = 39B8441C15804FC800390ABE /* UIImageView+MinimalNetwork.m */; };
/* End PBXBuildFile section */

/* Begin PBXContainerItemProxy section */
		3996B59315706543008F3935 /* PBXContainerItemProxy */ = {
			isa = PBXContainerItemProxy;
			containerPortal = 3996B57415706543008F3935 /* Project object */;
			proxyType = 1;
			remoteGlobalIDString = 3996B57C15706543008F3935;
			remoteInfo = MNNetwork;
		};
/* End PBXContainerItemProxy section */

/* Begin PBXCopyFilesBuildPhase section */
		39A207ED15C84D8B001D4358 /* CopyFiles */ = {
			isa = PBXCopyFilesBuildPhase;
			buildActionMask = 2147483647;
			dstPath = "include/${PRODUCT_NAME}";
			dstSubfolderSpec = 16;
			files = (
				39A207EE15C84D9A001D4358 /* MinimalNetwork.h in CopyFiles */,
				39A207EF15C84D9A001D4358 /* MNURLRequest.h in CopyFiles */,
				39A207F015C84D9A001D4358 /* MNURLRequestLoader.h in CopyFiles */,
				39A207F115C84D9A001D4358 /* MNURLRequestQueue.h in CopyFiles */,
				39A207F215C84D9A001D4358 /* UIImageView+MinimalNetwork.h in CopyFiles */,
				39A207F315C84D9A001D4358 /* MNURLResponseParser.h in CopyFiles */,
			);
			runOnlyForDeploymentPostprocessing = 0;
		};
/* End PBXCopyFilesBuildPhase section */

/* Begin PBXFileReference section */
		3910229B15800E4A0033341D /* MinimalNetwork-Prefix.pch */ = {isa = PBXFileReference; fileEncoding = 4; lastKnownFileType = sourcecode.c.h; path = "MinimalNetwork-Prefix.pch"; sourceTree = "<group>"; };
		3910229C15800E4A0033341D /* MinimalNetwork.h */ = {isa = PBXFileReference; fileEncoding = 4; lastKnownFileType = sourcecode.c.h; path = MinimalNetwork.h; sourceTree = "<group>"; };
		3910229D15800E4A0033341D /* MNURLRequest.h */ = {isa = PBXFileReference; fileEncoding = 4; lastKnownFileType = sourcecode.c.h; path = MNURLRequest.h; sourceTree = "<group>"; };
		3910229E15800E4A0033341D /* MNURLRequest.m */ = {isa = PBXFileReference; fileEncoding = 4; lastKnownFileType = sourcecode.c.objc; path = MNURLRequest.m; sourceTree = "<group>"; };
		3910229F15800E4A0033341D /* MNURLRequestLoader.h */ = {isa = PBXFileReference; fileEncoding = 4; lastKnownFileType = sourcecode.c.h; path = MNURLRequestLoader.h; sourceTree = "<group>"; };
		391022A015800E4A0033341D /* MNURLRequestLoader.m */ = {isa = PBXFileReference; fileEncoding = 4; lastKnownFileType = sourcecode.c.objc; path = MNURLRequestLoader.m; sourceTree = "<group>"; };
		391022A115800E4A0033341D /* MNURLRequestQueue.h */ = {isa = PBXFileReference; fileEncoding = 4; lastKnownFileType = sourcecode.c.h; path = MNURLRequestQueue.h; sourceTree = "<group>"; };
		391022A215800E4A0033341D /* MNURLRequestQueue.m */ = {isa = PBXFileReference; fileEncoding = 4; lastKnownFileType = sourcecode.c.objc; path = MNURLRequestQueue.m; sourceTree = "<group>"; };
		3996B57D15706543008F3935 /* libMinimalNetwork.a */ = {isa = PBXFileReference; explicitFileType = archive.ar; includeInIndex = 0; path = libMinimalNetwork.a; sourceTree = BUILT_PRODUCTS_DIR; };
		3996B58015706543008F3935 /* Foundation.framework */ = {isa = PBXFileReference; lastKnownFileType = wrapper.framework; name = Foundation.framework; path = System/Library/Frameworks/Foundation.framework; sourceTree = SDKROOT; };
		3996B58D15706543008F3935 /* MinimalNetworkTests.octest */ = {isa = PBXFileReference; explicitFileType = wrapper.cfbundle; includeInIndex = 0; path = MinimalNetworkTests.octest; sourceTree = BUILT_PRODUCTS_DIR; };
		3996B58E15706543008F3935 /* SenTestingKit.framework */ = {isa = PBXFileReference; lastKnownFileType = wrapper.framework; name = SenTestingKit.framework; path = Library/Frameworks/SenTestingKit.framework; sourceTree = DEVELOPER_DIR; };
		3996B59015706543008F3935 /* UIKit.framework */ = {isa = PBXFileReference; lastKnownFileType = wrapper.framework; name = UIKit.framework; path = Library/Frameworks/UIKit.framework; sourceTree = DEVELOPER_DIR; };
		3996B5B3157128C8008F3935 /* CFNetwork.framework */ = {isa = PBXFileReference; lastKnownFileType = wrapper.framework; name = CFNetwork.framework; path = System/Library/Frameworks/CFNetwork.framework; sourceTree = SDKROOT; };
		3996B5B5157128D1008F3935 /* SystemConfiguration.framework */ = {isa = PBXFileReference; lastKnownFileType = wrapper.framework; name = SystemConfiguration.framework; path = System/Library/Frameworks/SystemConfiguration.framework; sourceTree = SDKROOT; };
		39A207E815C7934C001D4358 /* MNURLResponseParser.h */ = {isa = PBXFileReference; fileEncoding = 4; lastKnownFileType = sourcecode.c.h; path = MNURLResponseParser.h; sourceTree = "<group>"; };
		39A207E915C7934C001D4358 /* MNURLResponseParser.m */ = {isa = PBXFileReference; fileEncoding = 4; lastKnownFileType = sourcecode.c.objc; path = MNURLResponseParser.m; sourceTree = "<group>"; };
		39B8441B15804FC800390ABE /* UIImageView+MinimalNetwork.h */ = {isa = PBXFileReference; fileEncoding = 4; lastKnownFileType = sourcecode.c.h; path = "UIImageView+MinimalNetwork.h"; sourceTree = "<group>"; };
		39B8441C15804FC800390ABE /* UIImageView+MinimalNetwork.m */ = {isa = PBXFileReference; fileEncoding = 4; lastKnownFileType = sourcecode.c.objc; path = "UIImageView+MinimalNetwork.m"; sourceTree = "<group>"; };
/* End PBXFileReference section */

/* Begin PBXFrameworksBuildPhase section */
		3996B57A15706543008F3935 /* Frameworks */ = {
			isa = PBXFrameworksBuildPhase;
			buildActionMask = 2147483647;
			files = (
				3996B5B6157128D1008F3935 /* SystemConfiguration.framework in Frameworks */,
				3996B5B4157128C8008F3935 /* CFNetwork.framework in Frameworks */,
				3996B58115706543008F3935 /* Foundation.framework in Frameworks */,
			);
			runOnlyForDeploymentPostprocessing = 0;
		};
		3996B58915706543008F3935 /* Frameworks */ = {
			isa = PBXFrameworksBuildPhase;
			buildActionMask = 2147483647;
			files = (
				3996B58F15706543008F3935 /* SenTestingKit.framework in Frameworks */,
				3996B59115706543008F3935 /* UIKit.framework in Frameworks */,
				3996B59215706543008F3935 /* Foundation.framework in Frameworks */,
				3996B59515706543008F3935 /* libMinimalNetwork.a in Frameworks */,
			);
			runOnlyForDeploymentPostprocessing = 0;
		};
/* End PBXFrameworksBuildPhase section */

/* Begin PBXGroup section */
		3910229A15800E4A0033341D /* MinimalNetwork */ = {
			isa = PBXGroup;
			children = (
				3910229B15800E4A0033341D /* MinimalNetwork-Prefix.pch */,
				3910229C15800E4A0033341D /* MinimalNetwork.h */,
				3910229D15800E4A0033341D /* MNURLRequest.h */,
				3910229E15800E4A0033341D /* MNURLRequest.m */,
				3910229F15800E4A0033341D /* MNURLRequestLoader.h */,
				391022A015800E4A0033341D /* MNURLRequestLoader.m */,
				391022A115800E4A0033341D /* MNURLRequestQueue.h */,
				391022A215800E4A0033341D /* MNURLRequestQueue.m */,
				39B8441B15804FC800390ABE /* UIImageView+MinimalNetwork.h */,
				39B8441C15804FC800390ABE /* UIImageView+MinimalNetwork.m */,
				39A207E815C7934C001D4358 /* MNURLResponseParser.h */,
				39A207E915C7934C001D4358 /* MNURLResponseParser.m */,
			);
			path = MinimalNetwork;
			sourceTree = "<group>";
		};
		3996B57215706543008F3935 = {
			isa = PBXGroup;
			children = (
				3910229A15800E4A0033341D /* MinimalNetwork */,
				3996B57F15706543008F3935 /* Frameworks */,
				3996B57E15706543008F3935 /* Products */,
			);
			sourceTree = "<group>";
		};
		3996B57E15706543008F3935 /* Products */ = {
			isa = PBXGroup;
			children = (
				3996B57D15706543008F3935 /* libMinimalNetwork.a */,
				3996B58D15706543008F3935 /* MinimalNetworkTests.octest */,
			);
			name = Products;
			sourceTree = "<group>";
		};
		3996B57F15706543008F3935 /* Frameworks */ = {
			isa = PBXGroup;
			children = (
				3996B5B5157128D1008F3935 /* SystemConfiguration.framework */,
				3996B5B3157128C8008F3935 /* CFNetwork.framework */,
				3996B58015706543008F3935 /* Foundation.framework */,
				3996B58E15706543008F3935 /* SenTestingKit.framework */,
				3996B59015706543008F3935 /* UIKit.framework */,
			);
			name = Frameworks;
			sourceTree = "<group>";
		};
/* End PBXGroup section */

/* Begin PBXNativeTarget section */
		3996B57C15706543008F3935 /* MinimalNetwork */ = {
			isa = PBXNativeTarget;
			buildConfigurationList = 3996B5A115706543008F3935 /* Build configuration list for PBXNativeTarget "MinimalNetwork" */;
			buildPhases = (
				3996B57915706543008F3935 /* Sources */,
				3996B57A15706543008F3935 /* Frameworks */,
				39A207ED15C84D8B001D4358 /* CopyFiles */,
			);
			buildRules = (
			);
			dependencies = (
			);
			name = MinimalNetwork;
			productName = MNNetwork;
			productReference = 3996B57D15706543008F3935 /* libMinimalNetwork.a */;
			productType = "com.apple.product-type.library.static";
		};
		3996B58C15706543008F3935 /* MinimalNetworkTests */ = {
			isa = PBXNativeTarget;
			buildConfigurationList = 3996B5A415706543008F3935 /* Build configuration list for PBXNativeTarget "MinimalNetworkTests" */;
			buildPhases = (
				3996B58815706543008F3935 /* Sources */,
				3996B58915706543008F3935 /* Frameworks */,
				3996B58A15706543008F3935 /* Resources */,
				3996B58B15706543008F3935 /* ShellScript */,
			);
			buildRules = (
			);
			dependencies = (
				3996B59415706543008F3935 /* PBXTargetDependency */,
			);
			name = MinimalNetworkTests;
			productName = MNNetworkTests;
			productReference = 3996B58D15706543008F3935 /* MinimalNetworkTests.octest */;
			productType = "com.apple.product-type.bundle";
		};
/* End PBXNativeTarget section */

/* Begin PBXProject section */
		3996B57415706543008F3935 /* Project object */ = {
			isa = PBXProject;
			attributes = {
				LastUpgradeCheck = 0460;
			};
			buildConfigurationList = 3996B57715706543008F3935 /* Build configuration list for PBXProject "MinimalNetwork" */;
			compatibilityVersion = "Xcode 3.2";
			developmentRegion = English;
			hasScannedForEncodings = 0;
			knownRegions = (
				en,
			);
			mainGroup = 3996B57215706543008F3935;
			productRefGroup = 3996B57E15706543008F3935 /* Products */;
			projectDirPath = "";
			projectRoot = "";
			targets = (
				3996B57C15706543008F3935 /* MinimalNetwork */,
				3996B58C15706543008F3935 /* MinimalNetworkTests */,
			);
		};
/* End PBXProject section */

/* Begin PBXResourcesBuildPhase section */
		3996B58A15706543008F3935 /* Resources */ = {
			isa = PBXResourcesBuildPhase;
			buildActionMask = 2147483647;
			files = (
			);
			runOnlyForDeploymentPostprocessing = 0;
		};
/* End PBXResourcesBuildPhase section */

/* Begin PBXShellScriptBuildPhase section */
		3996B58B15706543008F3935 /* ShellScript */ = {
			isa = PBXShellScriptBuildPhase;
			buildActionMask = 2147483647;
			files = (
			);
			inputPaths = (
			);
			outputPaths = (
			);
			runOnlyForDeploymentPostprocessing = 0;
			shellPath = /bin/sh;
			shellScript = "# Run the unit tests in this test bundle.\n\"${SYSTEM_DEVELOPER_DIR}/Tools/RunUnitTests\"\n";
		};
/* End PBXShellScriptBuildPhase section */

/* Begin PBXSourcesBuildPhase section */
		3996B57915706543008F3935 /* Sources */ = {
			isa = PBXSourcesBuildPhase;
			buildActionMask = 2147483647;
			files = (
				391022A615800E4A0033341D /* MNURLRequest.m in Sources */,
				391022A815800E4A0033341D /* MNURLRequestLoader.m in Sources */,
				391022AA15800E4A0033341D /* MNURLRequestQueue.m in Sources */,
				39B8441E15804FC800390ABE /* UIImageView+MinimalNetwork.m in Sources */,
				39A207EB15C7934C001D4358 /* MNURLResponseParser.m in Sources */,
			);
			runOnlyForDeploymentPostprocessing = 0;
		};
		3996B58815706543008F3935 /* Sources */ = {
			isa = PBXSourcesBuildPhase;
			buildActionMask = 2147483647;
			files = (
			);
			runOnlyForDeploymentPostprocessing = 0;
		};
/* End PBXSourcesBuildPhase section */

/* Begin PBXTargetDependency section */
		3996B59415706543008F3935 /* PBXTargetDependency */ = {
			isa = PBXTargetDependency;
			target = 3996B57C15706543008F3935 /* MinimalNetwork */;
			targetProxy = 3996B59315706543008F3935 /* PBXContainerItemProxy */;
		};
/* End PBXTargetDependency section */

/* Begin XCBuildConfiguration section */
		3996B59F15706543008F3935 /* Debug */ = {
			isa = XCBuildConfiguration;
			buildSettings = {
				ALWAYS_SEARCH_USER_PATHS = NO;
				ARCHS = "$(ARCHS_STANDARD_32_BIT)";
				CLANG_WARN_CONSTANT_CONVERSION = YES;
				CLANG_WARN_ENUM_CONVERSION = YES;
				CLANG_WARN_INT_CONVERSION = YES;
				CLANG_WARN__DUPLICATE_METHOD_MATCH = YES;
				COPY_PHASE_STRIP = NO;
				GCC_C_LANGUAGE_STANDARD = gnu99;
				GCC_DYNAMIC_NO_PIC = NO;
				GCC_OPTIMIZATION_LEVEL = 0;
				GCC_PREPROCESSOR_DEFINITIONS = (
					"DEBUG=1",
					"$(inherited)",
				);
				GCC_SYMBOLS_PRIVATE_EXTERN = NO;
				GCC_VERSION = com.apple.compilers.llvm.clang.1_0;
				GCC_WARN_ABOUT_RETURN_TYPE = YES;
				GCC_WARN_UNINITIALIZED_AUTOS = YES;
				GCC_WARN_UNUSED_VARIABLE = YES;
				IPHONEOS_DEPLOYMENT_TARGET = 5.1;
				SDKROOT = iphoneos;
			};
			name = Debug;
		};
		3996B5A015706543008F3935 /* Release */ = {
			isa = XCBuildConfiguration;
			buildSettings = {
				ALWAYS_SEARCH_USER_PATHS = NO;
				ARCHS = "$(ARCHS_STANDARD_32_BIT)";
				CLANG_WARN_CONSTANT_CONVERSION = YES;
				CLANG_WARN_ENUM_CONVERSION = YES;
				CLANG_WARN_INT_CONVERSION = YES;
				CLANG_WARN__DUPLICATE_METHOD_MATCH = YES;
				COPY_PHASE_STRIP = YES;
				GCC_C_LANGUAGE_STANDARD = gnu99;
				GCC_VERSION = com.apple.compilers.llvm.clang.1_0;
				GCC_WARN_ABOUT_RETURN_TYPE = YES;
				GCC_WARN_UNINITIALIZED_AUTOS = YES;
				GCC_WARN_UNUSED_VARIABLE = YES;
				IPHONEOS_DEPLOYMENT_TARGET = 5.1;
				SDKROOT = iphoneos;
				VALIDATE_PRODUCT = YES;
			};
			name = Release;
		};
		3996B5A215706543008F3935 /* Debug */ = {
			isa = XCBuildConfiguration;
			buildSettings = {
				CLANG_ENABLE_OBJC_ARC = YES;
				DSTROOT = /tmp/MNNetwork.dst;
				GCC_PRECOMPILE_PREFIX_HEADER = YES;
				GCC_PREFIX_HEADER = "MinimalNetwork/MinimalNetwork-Prefix.pch";
				INSTALL_PATH = "$(BUILT_PRODUCTS_DIR)";
				OTHER_LDFLAGS = "-ObjC";
				PRODUCT_NAME = MinimalNetwork;
				PUBLIC_HEADERS_FOLDER_PATH = "include/$(TARGET_NAME)";
				SKIP_INSTALL = YES;
			};
			name = Debug;
		};
		3996B5A315706543008F3935 /* Release */ = {
			isa = XCBuildConfiguration;
			buildSettings = {
				CLANG_ENABLE_OBJC_ARC = YES;
				DSTROOT = /tmp/MNNetwork.dst;
				GCC_PRECOMPILE_PREFIX_HEADER = YES;
				GCC_PREFIX_HEADER = "MinimalNetwork/MinimalNetwork-Prefix.pch";
				INSTALL_PATH = "$(BUILT_PRODUCTS_DIR)";
				OTHER_LDFLAGS = "-ObjC";
				PRODUCT_NAME = MinimalNetwork;
				PUBLIC_HEADERS_FOLDER_PATH = "include/$(TARGET_NAME)";
				SKIP_INSTALL = YES;
			};
			name = Release;
		};
		3996B5A515706543008F3935 /* Debug */ = {
			isa = XCBuildConfiguration;
			buildSettings = {
				FRAMEWORK_SEARCH_PATHS = (
					"$(SDKROOT)/Developer/Library/Frameworks",
					"$(DEVELOPER_LIBRARY_DIR)/Frameworks",
				);
				GCC_PRECOMPILE_PREFIX_HEADER = YES;
				GCC_PREFIX_HEADER = "MNNetwork/MNNetwork-Prefix.pch";
				INFOPLIST_FILE = "MNNetworkTests/MNNetworkTests-Info.plist";
				PRODUCT_NAME = MinimalNetworkTests;
				WRAPPER_EXTENSION = octest;
			};
			name = Debug;
		};
		3996B5A615706543008F3935 /* Release */ = {
			isa = XCBuildConfiguration;
			buildSettings = {
				FRAMEWORK_SEARCH_PATHS = (
					"$(SDKROOT)/Developer/Library/Frameworks",
					"$(DEVELOPER_LIBRARY_DIR)/Frameworks",
				);
				GCC_PRECOMPILE_PREFIX_HEADER = YES;
				GCC_PREFIX_HEADER = "MNNetwork/MNNetwork-Prefix.pch";
				INFOPLIST_FILE = "MNNetworkTests/MNNetworkTests-Info.plist";
				PRODUCT_NAME = MinimalNetworkTests;
				WRAPPER_EXTENSION = octest;
			};
			name = Release;
		};
/* End XCBuildConfiguration section */

/* Begin XCConfigurationList section */
		3996B57715706543008F3935 /* Build configuration list for PBXProject "MinimalNetwork" */ = {
			isa = XCConfigurationList;
			buildConfigurations = (
				3996B59F15706543008F3935 /* Debug */,
				3996B5A015706543008F3935 /* Release */,
			);
			defaultConfigurationIsVisible = 0;
			defaultConfigurationName = Release;
		};
		3996B5A115706543008F3935 /* Build configuration list for PBXNativeTarget "MinimalNetwork" */ = {
			isa = XCConfigurationList;
			buildConfigurations = (
				3996B5A215706543008F3935 /* Debug */,
				3996B5A315706543008F3935 /* Release */,
			);
			defaultConfigurationIsVisible = 0;
			defaultConfigurationName = Release;
		};
		3996B5A415706543008F3935 /* Build configuration list for PBXNativeTarget "MinimalNetworkTests" */ = {
			isa = XCConfigurationList;
			buildConfigurations = (
				3996B5A515706543008F3935 /* Debug */,
				3996B5A615706543008F3935 /* Release */,
			);
			defaultConfigurationIsVisible = 0;
			defaultConfigurationName = Release;
		};
/* End XCConfigurationList section */
	};
	rootObject = 3996B57415706543008F3935 /* Project object */;
}
