// !$*UTF8*$!
{
	archiveVersion = 1;
	classes = {
	};
	objectVersion = 46;
	objects = {

/* Begin PBXBuildFile section */
		390287AC1581B7BC0041CCB7 /* MNShotCell.m in Sources */ = {isa = PBXBuildFile; fileRef = 390287AB1581B7BC0041CCB7 /* MNShotCell.m */; };
		399B3D2F1580286100608FCC /* UIKit.framework in Frameworks */ = {isa = PBXBuildFile; fileRef = 399B3D2E1580286100608FCC /* UIKit.framework */; };
		399B3D311580286100608FCC /* Foundation.framework in Frameworks */ = {isa = PBXBuildFile; fileRef = 399B3D301580286100608FCC /* Foundation.framework */; };
		399B3D331580286100608FCC /* CoreGraphics.framework in Frameworks */ = {isa = PBXBuildFile; fileRef = 399B3D321580286100608FCC /* CoreGraphics.framework */; };
		399B3D391580286200608FCC /* InfoPlist.strings in Resources */ = {isa = PBXBuildFile; fileRef = 399B3D371580286200608FCC /* InfoPlist.strings */; };
		399B3D3B1580286200608FCC /* main.m in Sources */ = {isa = PBXBuildFile; fileRef = 399B3D3A1580286200608FCC /* main.m */; };
		399B3D3F1580286200608FCC /* MNAppDelegate.m in Sources */ = {isa = PBXBuildFile; fileRef = 399B3D3E1580286200608FCC /* MNAppDelegate.m */; };
		399B3D421580286200608FCC /* MNViewController.m in Sources */ = {isa = PBXBuildFile; fileRef = 399B3D411580286200608FCC /* MNViewController.m */; };
		399B3D61158028F500608FCC /* libMinimalNetwork.a in Frameworks */ = {isa = PBXBuildFile; fileRef = 399B3D5B158028DD00608FCC /* libMinimalNetwork.a */; };
		39B8441015802A2A00390ABE /* MNShotsViewController.m in Sources */ = {isa = PBXBuildFile; fileRef = 39B8440F15802A2A00390ABE /* MNShotsViewController.m */; };
		39B8441315802D6100390ABE /* MNShotViewController.m in Sources */ = {isa = PBXBuildFile; fileRef = 39B8441215802D6100390ABE /* MNShotViewController.m */; };
		39B8441A15802E6300390ABE /* MNDribbbleShot.m in Sources */ = {isa = PBXBuildFile; fileRef = 39B8441915802E6300390ABE /* MNDribbbleShot.m */; };
/* End PBXBuildFile section */

/* Begin PBXContainerItemProxy section */
		399B3D5A158028DD00608FCC /* PBXContainerItemProxy */ = {
			isa = PBXContainerItemProxy;
			containerPortal = 399B3D52158028DD00608FCC /* MinimalNetwork.xcodeproj */;
			proxyType = 2;
			remoteGlobalIDString = 3996B57D15706543008F3935;
			remoteInfo = MinimalNetwork;
		};
		399B3D5C158028DD00608FCC /* PBXContainerItemProxy */ = {
			isa = PBXContainerItemProxy;
			containerPortal = 399B3D52158028DD00608FCC /* MinimalNetwork.xcodeproj */;
			proxyType = 2;
			remoteGlobalIDString = 3996B58D15706543008F3935;
			remoteInfo = MinimalNetworkTests;
		};
		399B3D5F158028ED00608FCC /* PBXContainerItemProxy */ = {
			isa = PBXContainerItemProxy;
			containerPortal = 399B3D52158028DD00608FCC /* MinimalNetwork.xcodeproj */;
			proxyType = 1;
			remoteGlobalIDString = 3996B57C15706543008F3935;
			remoteInfo = MinimalNetwork;
		};
/* End PBXContainerItemProxy section */

/* Begin PBXFileReference section */
		390287AA1581B7BC0041CCB7 /* MNShotCell.h */ = {isa = PBXFileReference; fileEncoding = 4; lastKnownFileType = sourcecode.c.h; path = MNShotCell.h; sourceTree = "<group>"; };
		390287AB1581B7BC0041CCB7 /* MNShotCell.m */ = {isa = PBXFileReference; fileEncoding = 4; lastKnownFileType = sourcecode.c.objc; path = MNShotCell.m; sourceTree = "<group>"; };
		399B3D2A1580286100608FCC /* MinimalDribbble.app */ = {isa = PBXFileReference; explicitFileType = wrapper.application; includeInIndex = 0; path = MinimalDribbble.app; sourceTree = BUILT_PRODUCTS_DIR; };
		399B3D2E1580286100608FCC /* UIKit.framework */ = {isa = PBXFileReference; lastKnownFileType = wrapper.framework; name = UIKit.framework; path = System/Library/Frameworks/UIKit.framework; sourceTree = SDKROOT; };
		399B3D301580286100608FCC /* Foundation.framework */ = {isa = PBXFileReference; lastKnownFileType = wrapper.framework; name = Foundation.framework; path = System/Library/Frameworks/Foundation.framework; sourceTree = SDKROOT; };
		399B3D321580286100608FCC /* CoreGraphics.framework */ = {isa = PBXFileReference; lastKnownFileType = wrapper.framework; name = CoreGraphics.framework; path = System/Library/Frameworks/CoreGraphics.framework; sourceTree = SDKROOT; };
		399B3D361580286200608FCC /* MinimalDribbble-Info.plist */ = {isa = PBXFileReference; lastKnownFileType = text.plist.xml; path = "MinimalDribbble-Info.plist"; sourceTree = "<group>"; };
		399B3D381580286200608FCC /* en */ = {isa = PBXFileReference; lastKnownFileType = text.plist.strings; name = en; path = en.lproj/InfoPlist.strings; sourceTree = "<group>"; };
		399B3D3A1580286200608FCC /* main.m */ = {isa = PBXFileReference; lastKnownFileType = sourcecode.c.objc; path = main.m; sourceTree = "<group>"; };
		399B3D3C1580286200608FCC /* MinimalDribbble-Prefix.pch */ = {isa = PBXFileReference; lastKnownFileType = sourcecode.c.h; path = "MinimalDribbble-Prefix.pch"; sourceTree = "<group>"; };
		399B3D3D1580286200608FCC /* MNAppDelegate.h */ = {isa = PBXFileReference; lastKnownFileType = sourcecode.c.h; path = MNAppDelegate.h; sourceTree = "<group>"; };
		399B3D3E1580286200608FCC /* MNAppDelegate.m */ = {isa = PBXFileReference; lastKnownFileType = sourcecode.c.objc; path = MNAppDelegate.m; sourceTree = "<group>"; };
		399B3D401580286200608FCC /* MNViewController.h */ = {isa = PBXFileReference; lastKnownFileType = sourcecode.c.h; path = MNViewController.h; sourceTree = "<group>"; };
		399B3D411580286200608FCC /* MNViewController.m */ = {isa = PBXFileReference; lastKnownFileType = sourcecode.c.objc; path = MNViewController.m; sourceTree = "<group>"; };
		399B3D52158028DD00608FCC /* MinimalNetwork.xcodeproj */ = {isa = PBXFileReference; lastKnownFileType = "wrapper.pb-project"; name = MinimalNetwork.xcodeproj; path = ../MinimalNetwork.xcodeproj; sourceTree = "<group>"; };
		39B8440E15802A2A00390ABE /* MNShotsViewController.h */ = {isa = PBXFileReference; fileEncoding = 4; lastKnownFileType = sourcecode.c.h; path = MNShotsViewController.h; sourceTree = "<group>"; };
		39B8440F15802A2A00390ABE /* MNShotsViewController.m */ = {isa = PBXFileReference; fileEncoding = 4; lastKnownFileType = sourcecode.c.objc; path = MNShotsViewController.m; sourceTree = "<group>"; };
		39B8441115802D6100390ABE /* MNShotViewController.h */ = {isa = PBXFileReference; fileEncoding = 4; lastKnownFileType = sourcecode.c.h; path = MNShotViewController.h; sourceTree = "<group>"; };
		39B8441215802D6100390ABE /* MNShotViewController.m */ = {isa = PBXFileReference; fileEncoding = 4; lastKnownFileType = sourcecode.c.objc; path = MNShotViewController.m; sourceTree = "<group>"; };
		39B8441815802E6300390ABE /* MNDribbbleShot.h */ = {isa = PBXFileReference; fileEncoding = 4; lastKnownFileType = sourcecode.c.h; path = MNDribbbleShot.h; sourceTree = "<group>"; };
		39B8441915802E6300390ABE /* MNDribbbleShot.m */ = {isa = PBXFileReference; fileEncoding = 4; lastKnownFileType = sourcecode.c.objc; path = MNDribbbleShot.m; sourceTree = "<group>"; };
/* End PBXFileReference section */

/* Begin PBXFrameworksBuildPhase section */
		399B3D271580286100608FCC /* Frameworks */ = {
			isa = PBXFrameworksBuildPhase;
			buildActionMask = 2147483647;
			files = (
				399B3D61158028F500608FCC /* libMinimalNetwork.a in Frameworks */,
				399B3D2F1580286100608FCC /* UIKit.framework in Frameworks */,
				399B3D311580286100608FCC /* Foundation.framework in Frameworks */,
				399B3D331580286100608FCC /* CoreGraphics.framework in Frameworks */,
			);
			runOnlyForDeploymentPostprocessing = 0;
		};
/* End PBXFrameworksBuildPhase section */

/* Begin PBXGroup section */
		399B3D1F1580286100608FCC = {
			isa = PBXGroup;
			children = (
				399B3D341580286200608FCC /* MinimalDribbble */,
				399B3D2D1580286100608FCC /* Frameworks */,
				399B3D2B1580286100608FCC /* Products */,
			);
			sourceTree = "<group>";
		};
		399B3D2B1580286100608FCC /* Products */ = {
			isa = PBXGroup;
			children = (
				399B3D2A1580286100608FCC /* MinimalDribbble.app */,
			);
			name = Products;
			sourceTree = "<group>";
		};
		399B3D2D1580286100608FCC /* Frameworks */ = {
			isa = PBXGroup;
			children = (
				399B3D52158028DD00608FCC /* MinimalNetwork.xcodeproj */,
				399B3D2E1580286100608FCC /* UIKit.framework */,
				399B3D301580286100608FCC /* Foundation.framework */,
				399B3D321580286100608FCC /* CoreGraphics.framework */,
			);
			name = Frameworks;
			sourceTree = "<group>";
		};
		399B3D341580286200608FCC /* MinimalDribbble */ = {
			isa = PBXGroup;
			children = (
				39B8441715802E3400390ABE /* Models */,
				39B8440B158029DC00390ABE /* Controllers */,
				399B3D3D1580286200608FCC /* MNAppDelegate.h */,
				399B3D3E1580286200608FCC /* MNAppDelegate.m */,
				399B3D401580286200608FCC /* MNViewController.h */,
				399B3D411580286200608FCC /* MNViewController.m */,
				399B3D351580286200608FCC /* Supporting Files */,
				39B8440D158029DC00390ABE /* Views */,
			);
			path = MinimalDribbble;
			sourceTree = "<group>";
		};
		399B3D351580286200608FCC /* Supporting Files */ = {
			isa = PBXGroup;
			children = (
				399B3D361580286200608FCC /* MinimalDribbble-Info.plist */,
				399B3D371580286200608FCC /* InfoPlist.strings */,
				399B3D3A1580286200608FCC /* main.m */,
				399B3D3C1580286200608FCC /* MinimalDribbble-Prefix.pch */,
			);
			name = "Supporting Files";
			sourceTree = "<group>";
		};
		399B3D53158028DD00608FCC /* Products */ = {
			isa = PBXGroup;
			children = (
				399B3D5B158028DD00608FCC /* libMinimalNetwork.a */,
				399B3D5D158028DD00608FCC /* MinimalNetworkTests.octest */,
			);
			name = Products;
			sourceTree = "<group>";
		};
		39B8440B158029DC00390ABE /* Controllers */ = {
			isa = PBXGroup;
			children = (
				39B8440E15802A2A00390ABE /* MNShotsViewController.h */,
				39B8440F15802A2A00390ABE /* MNShotsViewController.m */,
				39B8441115802D6100390ABE /* MNShotViewController.h */,
				39B8441215802D6100390ABE /* MNShotViewController.m */,
			);
			path = Controllers;
			sourceTree = "<group>";
		};
		39B8440D158029DC00390ABE /* Views */ = {
			isa = PBXGroup;
			children = (
				390287AA1581B7BC0041CCB7 /* MNShotCell.h */,
				390287AB1581B7BC0041CCB7 /* MNShotCell.m */,
			);
			path = Views;
			sourceTree = "<group>";
		};
		39B8441715802E3400390ABE /* Models */ = {
			isa = PBXGroup;
			children = (
				39B8441815802E6300390ABE /* MNDribbbleShot.h */,
				39B8441915802E6300390ABE /* MNDribbbleShot.m */,
			);
			path = Models;
			sourceTree = "<group>";
		};
/* End PBXGroup section */

/* Begin PBXNativeTarget section */
		399B3D291580286100608FCC /* MinimalDribbble */ = {
			isa = PBXNativeTarget;
			buildConfigurationList = 399B3D4B1580286200608FCC /* Build configuration list for PBXNativeTarget "MinimalDribbble" */;
			buildPhases = (
				399B3D261580286100608FCC /* Sources */,
				399B3D271580286100608FCC /* Frameworks */,
				399B3D281580286100608FCC /* Resources */,
			);
			buildRules = (
			);
			dependencies = (
				399B3D60158028ED00608FCC /* PBXTargetDependency */,
			);
			name = MinimalDribbble;
			productName = MinimalDribbble;
			productReference = 399B3D2A1580286100608FCC /* MinimalDribbble.app */;
			productType = "com.apple.product-type.application";
		};
/* End PBXNativeTarget section */

/* Begin PBXProject section */
		399B3D211580286100608FCC /* Project object */ = {
			isa = PBXProject;
			attributes = {
				CLASSPREFIX = MN;
				LastUpgradeCheck = 0430;
			};
			buildConfigurationList = 399B3D241580286100608FCC /* Build configuration list for PBXProject "MinimalDribbble" */;
			compatibilityVersion = "Xcode 3.2";
			developmentRegion = English;
			hasScannedForEncodings = 0;
			knownRegions = (
				en,
			);
			mainGroup = 399B3D1F1580286100608FCC;
			productRefGroup = 399B3D2B1580286100608FCC /* Products */;
			projectDirPath = "";
			projectReferences = (
				{
					ProductGroup = 399B3D53158028DD00608FCC /* Products */;
					ProjectRef = 399B3D52158028DD00608FCC /* MinimalNetwork.xcodeproj */;
				},
			);
			projectRoot = "";
			targets = (
				399B3D291580286100608FCC /* MinimalDribbble */,
			);
		};
/* End PBXProject section */

/* Begin PBXReferenceProxy section */
		399B3D5B158028DD00608FCC /* libMinimalNetwork.a */ = {
			isa = PBXReferenceProxy;
			fileType = archive.ar;
			path = libMinimalNetwork.a;
			remoteRef = 399B3D5A158028DD00608FCC /* PBXContainerItemProxy */;
			sourceTree = BUILT_PRODUCTS_DIR;
		};
		399B3D5D158028DD00608FCC /* MinimalNetworkTests.octest */ = {
			isa = PBXReferenceProxy;
			fileType = wrapper.cfbundle;
			path = MinimalNetworkTests.octest;
			remoteRef = 399B3D5C158028DD00608FCC /* PBXContainerItemProxy */;
			sourceTree = BUILT_PRODUCTS_DIR;
		};
/* End PBXReferenceProxy section */

/* Begin PBXResourcesBuildPhase section */
		399B3D281580286100608FCC /* Resources */ = {
			isa = PBXResourcesBuildPhase;
			buildActionMask = 2147483647;
			files = (
				399B3D391580286200608FCC /* InfoPlist.strings in Resources */,
			);
			runOnlyForDeploymentPostprocessing = 0;
		};
/* End PBXResourcesBuildPhase section */

/* Begin PBXSourcesBuildPhase section */
		399B3D261580286100608FCC /* Sources */ = {
			isa = PBXSourcesBuildPhase;
			buildActionMask = 2147483647;
			files = (
				399B3D3B1580286200608FCC /* main.m in Sources */,
				399B3D3F1580286200608FCC /* MNAppDelegate.m in Sources */,
				399B3D421580286200608FCC /* MNViewController.m in Sources */,
				39B8441015802A2A00390ABE /* MNShotsViewController.m in Sources */,
				39B8441315802D6100390ABE /* MNShotViewController.m in Sources */,
				39B8441A15802E6300390ABE /* MNDribbbleShot.m in Sources */,
				390287AC1581B7BC0041CCB7 /* MNShotCell.m in Sources */,
			);
			runOnlyForDeploymentPostprocessing = 0;
		};
/* End PBXSourcesBuildPhase section */

/* Begin PBXTargetDependency section */
		399B3D60158028ED00608FCC /* PBXTargetDependency */ = {
			isa = PBXTargetDependency;
			name = MinimalNetwork;
			targetProxy = 399B3D5F158028ED00608FCC /* PBXContainerItemProxy */;
		};
/* End PBXTargetDependency section */

/* Begin PBXVariantGroup section */
		399B3D371580286200608FCC /* InfoPlist.strings */ = {
			isa = PBXVariantGroup;
			children = (
				399B3D381580286200608FCC /* en */,
			);
			name = InfoPlist.strings;
			sourceTree = "<group>";
		};
/* End PBXVariantGroup section */

/* Begin XCBuildConfiguration section */
		399B3D491580286200608FCC /* Debug */ = {
			isa = XCBuildConfiguration;
			buildSettings = {
				ALWAYS_SEARCH_USER_PATHS = NO;
				ARCHS = "$(ARCHS_STANDARD_32_BIT)";
				CLANG_ENABLE_OBJC_ARC = YES;
				"CODE_SIGN_IDENTITY[sdk=iphoneos*]" = "iPhone Developer";
				COPY_PHASE_STRIP = NO;
				GCC_C_LANGUAGE_STANDARD = gnu99;
				GCC_DYNAMIC_NO_PIC = NO;
				GCC_OPTIMIZATION_LEVEL = 0;
				GCC_PREPROCESSOR_DEFINITIONS = (
					"DEBUG=1",
					"$(inherited)",
				);
				GCC_SYMBOLS_PRIVATE_EXTERN = NO;
				GCC_VERSION = com.apple.compilers.llvm.clang.1_0;
				GCC_WARN_ABOUT_RETURN_TYPE = YES;
				GCC_WARN_UNINITIALIZED_AUTOS = YES;
				GCC_WARN_UNUSED_VARIABLE = YES;
				IPHONEOS_DEPLOYMENT_TARGET = 5.1;
				SDKROOT = iphoneos;
				TARGETED_DEVICE_FAMILY = "1,2";
			};
			name = Debug;
		};
		399B3D4A1580286200608FCC /* Release */ = {
			isa = XCBuildConfiguration;
			buildSettings = {
				ALWAYS_SEARCH_USER_PATHS = NO;
				ARCHS = "$(ARCHS_STANDARD_32_BIT)";
				CLANG_ENABLE_OBJC_ARC = YES;
				"CODE_SIGN_IDENTITY[sdk=iphoneos*]" = "iPhone Developer";
				COPY_PHASE_STRIP = YES;
				GCC_C_LANGUAGE_STANDARD = gnu99;
				GCC_VERSION = com.apple.compilers.llvm.clang.1_0;
				GCC_WARN_ABOUT_RETURN_TYPE = YES;
				GCC_WARN_UNINITIALIZED_AUTOS = YES;
				GCC_WARN_UNUSED_VARIABLE = YES;
				IPHONEOS_DEPLOYMENT_TARGET = 5.1;
				OTHER_CFLAGS = "-DNS_BLOCK_ASSERTIONS=1";
				SDKROOT = iphoneos;
				TARGETED_DEVICE_FAMILY = "1,2";
				VALIDATE_PRODUCT = YES;
			};
			name = Release;
		};
		399B3D4C1580286200608FCC /* Debug */ = {
			isa = XCBuildConfiguration;
			buildSettings = {
				GCC_PRECOMPILE_PREFIX_HEADER = YES;
				GCC_PREFIX_HEADER = "MinimalDribbble/MinimalDribbble-Prefix.pch";
				INFOPLIST_FILE = "MinimalDribbble/MinimalDribbble-Info.plist";
				OTHER_LDFLAGS = (
					"-all_load",
					"-ObjC",
				);
				PRODUCT_NAME = "$(TARGET_NAME)";
				WRAPPER_EXTENSION = app;
			};
			name = Debug;
		};
		399B3D4D1580286200608FCC /* Release */ = {
			isa = XCBuildConfiguration;
			buildSettings = {
				GCC_PRECOMPILE_PREFIX_HEADER = YES;
				GCC_PREFIX_HEADER = "MinimalDribbble/MinimalDribbble-Prefix.pch";
				INFOPLIST_FILE = "MinimalDribbble/MinimalDribbble-Info.plist";
				OTHER_LDFLAGS = (
					"-all_load",
					"-ObjC",
				);
				PRODUCT_NAME = "$(TARGET_NAME)";
				WRAPPER_EXTENSION = app;
			};
			name = Release;
		};
/* End XCBuildConfiguration section */

/* Begin XCConfigurationList section */
		399B3D241580286100608FCC /* Build configuration list for PBXProject "MinimalDribbble" */ = {
			isa = XCConfigurationList;
			buildConfigurations = (
				399B3D491580286200608FCC /* Debug */,
				399B3D4A1580286200608FCC /* Release */,
			);
			defaultConfigurationIsVisible = 0;
			defaultConfigurationName = Release;
		};
		399B3D4B1580286200608FCC /* Build configuration list for PBXNativeTarget "MinimalDribbble" */ = {
			isa = XCConfigurationList;
			buildConfigurations = (
				399B3D4C1580286200608FCC /* Debug */,
				399B3D4D1580286200608FCC /* Release */,
			);
			defaultConfigurationIsVisible = 0;
			defaultConfigurationName = Release;
		};
/* End XCConfigurationList section */
	};
	rootObject = 399B3D211580286100608FCC /* Project object */;
}
